
Microsoft Visual Studio Solution File, Format Version 12.00
# Visual Studio Version 16
VisualStudioVersion = 16.0.29728.190
MinimumVisualStudioVersion = 10.0.40219.1
Project("{8BC9CEB8-8B4A-11D0-8D11-00A0C91BC942}") = "2309_일곱 난쟁이", "2309_일곱 난쟁이\2309_일곱 난쟁이.vcxproj", "{5708148A-A374-4EE0-8C43-6B959B4633FF}"
EndProject
Project("{8BC9CEB8-8B4A-11D0-8D11-00A0C91BC942}") = "3085_사탕 게임", "3085_사탕 게임\3085_사탕 게임.vcxproj", "{8B0DFD27-F243-4D30-A938-A283C7B580F2}"
EndProject
Project("{8BC9CEB8-8B4A-11D0-8D11-00A0C91BC942}") = "1476_날짜 계산", "1476_날짜 계산\1476_날짜 계산.vcxproj", "{9B106A14-938D-467D-87A4-886F79F4F432}"
EndProject
Project("{8BC9CEB8-8B4A-11D0-8D11-00A0C91BC942}") = "1107_리모컨", "1107_리모컨\1107_리모컨.vcxproj", "{6384F7BA-B681-4DB1-B999-B8C99E595C4F}"
EndProject
Project("{8BC9CEB8-8B4A-11D0-8D11-00A0C91BC942}") = "14500_테트로미노", "14500_테트로미노\14500_테트로미노.vcxproj", "{4E287E10-487E-4D7C-83AB-D270A7399150}"
EndProject
Project("{8BC9CEB8-8B4A-11D0-8D11-00A0C91BC942}") = "1748_수 이어 쓰기1", "1748_수 이어 쓰기1\1748_수 이어 쓰기1.vcxproj", "{F922895B-50DE-4C0B-AC99-4143FE8EEAB7}"
EndProject
Project("{8BC9CEB8-8B4A-11D0-8D11-00A0C91BC942}") = "6064_카잉 달력", "6064_카잉 달력\6064_카잉 달력.vcxproj", "{63EA4B28-53A3-4A2C-8D58-A5CEB23A05AE}"
EndProject
Project("{8BC9CEB8-8B4A-11D0-8D11-00A0C91BC942}") = "15649_N과 M (1)", "15649_N과 M (1)\15649_N과 M (1).vcxproj", "{3E1D69C8-EBFC-4D45-8AB0-FDE02BE69439}"
EndProject
Project("{8BC9CEB8-8B4A-11D0-8D11-00A0C91BC942}") = "15650_N과 M (2)", "15650_N과 M (2)\15650_N과 M (2).vcxproj", "{743BAEBF-743E-4975-A080-190D4F70BCB5}"
EndProject
Project("{8BC9CEB8-8B4A-11D0-8D11-00A0C91BC942}") = "15651_N과 M (3)", "15651_N과 M (3)\15651_N과 M (3).vcxproj", "{3F8E39B7-E398-4FC6-97DA-DE6597B8E669}"
EndProject
Project("{8BC9CEB8-8B4A-11D0-8D11-00A0C91BC942}") = "15652_N과 M (4)", "15652_N과 M (4)\15652_N과 M (4).vcxproj", "{759C7C09-0048-4A66-A1A5-CAA6052D496F}"
EndProject
Project("{8BC9CEB8-8B4A-11D0-8D11-00A0C91BC942}") = "15654_N과 M (5)", "15654_N과 M (5)\15654_N과 M (5).vcxproj", "{11DAB16A-C285-40D1-BD68-4AC019556439}"
EndProject
Project("{8BC9CEB8-8B4A-11D0-8D11-00A0C91BC942}") = "15655_N과 M (6)", "15655_N과 M (6)\15655_N과 M (6).vcxproj", "{917DB47F-A58E-4725-9ECB-61B978008334}"
EndProject
Project("{8BC9CEB8-8B4A-11D0-8D11-00A0C91BC942}") = "15656_N과 M (7)", "15656_N과 M (7)\15656_N과 M (7).vcxproj", "{86F5CFB0-1885-40B3-998C-183C3D7F8EAF}"
EndProject
Project("{8BC9CEB8-8B4A-11D0-8D11-00A0C91BC942}") = "15657_N과 M (8)", "15657_N과 M (8)\15657_N과 M (8).vcxproj", "{AC6C3FE4-E322-4AB7-8CDC-26D12F51040E}"
EndProject
Project("{8BC9CEB8-8B4A-11D0-8D11-00A0C91BC942}") = "15663_N과 M (9)", "15663_N과 M (9)\15663_N과 M (9).vcxproj", "{ABF77A2C-D8FF-470F-B48F-841ACA514015}"
EndProject
Project("{8BC9CEB8-8B4A-11D0-8D11-00A0C91BC942}") = "15664_N과 M (10)", "15664_N과 M (10)\15664_N과 M (10).vcxproj", "{E9A6315D-741E-40B5-8B95-F2D1F6CFB475}"
EndProject
Project("{8BC9CEB8-8B4A-11D0-8D11-00A0C91BC942}") = "15665_N과 M (11)", "15665_N과 M (11)\15665_N과 M (11).vcxproj", "{D30426AC-5735-419F-829B-39B374BDCC9D}"
EndProject
Project("{8BC9CEB8-8B4A-11D0-8D11-00A0C91BC942}") = "15666_N과 M (12)", "15666_N과 M (12)\15666_N과 M (12).vcxproj", "{268A9513-4A03-490F-9E66-F6F9274C2F4C}"
EndProject
Global
	GlobalSection(SolutionConfigurationPlatforms) = preSolution
		Debug|x64 = Debug|x64
		Debug|x86 = Debug|x86
		Release|x64 = Release|x64
		Release|x86 = Release|x86
	EndGlobalSection
	GlobalSection(ProjectConfigurationPlatforms) = postSolution
		{5708148A-A374-4EE0-8C43-6B959B4633FF}.Debug|x64.ActiveCfg = Debug|x64
		{5708148A-A374-4EE0-8C43-6B959B4633FF}.Debug|x64.Build.0 = Debug|x64
		{5708148A-A374-4EE0-8C43-6B959B4633FF}.Debug|x86.ActiveCfg = Debug|Win32
		{5708148A-A374-4EE0-8C43-6B959B4633FF}.Debug|x86.Build.0 = Debug|Win32
		{5708148A-A374-4EE0-8C43-6B959B4633FF}.Release|x64.ActiveCfg = Release|x64
		{5708148A-A374-4EE0-8C43-6B959B4633FF}.Release|x64.Build.0 = Release|x64
		{5708148A-A374-4EE0-8C43-6B959B4633FF}.Release|x86.ActiveCfg = Release|Win32
		{5708148A-A374-4EE0-8C43-6B959B4633FF}.Release|x86.Build.0 = Release|Win32
		{8B0DFD27-F243-4D30-A938-A283C7B580F2}.Debug|x64.ActiveCfg = Debug|x64
		{8B0DFD27-F243-4D30-A938-A283C7B580F2}.Debug|x64.Build.0 = Debug|x64
		{8B0DFD27-F243-4D30-A938-A283C7B580F2}.Debug|x86.ActiveCfg = Debug|Win32
		{8B0DFD27-F243-4D30-A938-A283C7B580F2}.Debug|x86.Build.0 = Debug|Win32
		{8B0DFD27-F243-4D30-A938-A283C7B580F2}.Release|x64.ActiveCfg = Release|x64
		{8B0DFD27-F243-4D30-A938-A283C7B580F2}.Release|x64.Build.0 = Release|x64
		{8B0DFD27-F243-4D30-A938-A283C7B580F2}.Release|x86.ActiveCfg = Release|Win32
		{8B0DFD27-F243-4D30-A938-A283C7B580F2}.Release|x86.Build.0 = Release|Win32
		{9B106A14-938D-467D-87A4-886F79F4F432}.Debug|x64.ActiveCfg = Debug|x64
		{9B106A14-938D-467D-87A4-886F79F4F432}.Debug|x64.Build.0 = Debug|x64
		{9B106A14-938D-467D-87A4-886F79F4F432}.Debug|x86.ActiveCfg = Debug|Win32
		{9B106A14-938D-467D-87A4-886F79F4F432}.Debug|x86.Build.0 = Debug|Win32
		{9B106A14-938D-467D-87A4-886F79F4F432}.Release|x64.ActiveCfg = Release|x64
		{9B106A14-938D-467D-87A4-886F79F4F432}.Release|x64.Build.0 = Release|x64
		{9B106A14-938D-467D-87A4-886F79F4F432}.Release|x86.ActiveCfg = Release|Win32
		{9B106A14-938D-467D-87A4-886F79F4F432}.Release|x86.Build.0 = Release|Win32
		{6384F7BA-B681-4DB1-B999-B8C99E595C4F}.Debug|x64.ActiveCfg = Debug|x64
		{6384F7BA-B681-4DB1-B999-B8C99E595C4F}.Debug|x64.Build.0 = Debug|x64
		{6384F7BA-B681-4DB1-B999-B8C99E595C4F}.Debug|x86.ActiveCfg = Debug|Win32
		{6384F7BA-B681-4DB1-B999-B8C99E595C4F}.Debug|x86.Build.0 = Debug|Win32
		{6384F7BA-B681-4DB1-B999-B8C99E595C4F}.Release|x64.ActiveCfg = Release|x64
		{6384F7BA-B681-4DB1-B999-B8C99E595C4F}.Release|x64.Build.0 = Release|x64
		{6384F7BA-B681-4DB1-B999-B8C99E595C4F}.Release|x86.ActiveCfg = Release|Win32
		{6384F7BA-B681-4DB1-B999-B8C99E595C4F}.Release|x86.Build.0 = Release|Win32
		{4E287E10-487E-4D7C-83AB-D270A7399150}.Debug|x64.ActiveCfg = Debug|x64
		{4E287E10-487E-4D7C-83AB-D270A7399150}.Debug|x64.Build.0 = Debug|x64
		{4E287E10-487E-4D7C-83AB-D270A7399150}.Debug|x86.ActiveCfg = Debug|Win32
		{4E287E10-487E-4D7C-83AB-D270A7399150}.Debug|x86.Build.0 = Debug|Win32
		{4E287E10-487E-4D7C-83AB-D270A7399150}.Release|x64.ActiveCfg = Release|x64
		{4E287E10-487E-4D7C-83AB-D270A7399150}.Release|x64.Build.0 = Release|x64
		{4E287E10-487E-4D7C-83AB-D270A7399150}.Release|x86.ActiveCfg = Release|Win32
		{4E287E10-487E-4D7C-83AB-D270A7399150}.Release|x86.Build.0 = Release|Win32
		{F922895B-50DE-4C0B-AC99-4143FE8EEAB7}.Debug|x64.ActiveCfg = Debug|x64
		{F922895B-50DE-4C0B-AC99-4143FE8EEAB7}.Debug|x64.Build.0 = Debug|x64
		{F922895B-50DE-4C0B-AC99-4143FE8EEAB7}.Debug|x86.ActiveCfg = Debug|Win32
		{F922895B-50DE-4C0B-AC99-4143FE8EEAB7}.Debug|x86.Build.0 = Debug|Win32
		{F922895B-50DE-4C0B-AC99-4143FE8EEAB7}.Release|x64.ActiveCfg = Release|x64
		{F922895B-50DE-4C0B-AC99-4143FE8EEAB7}.Release|x64.Build.0 = Release|x64
		{F922895B-50DE-4C0B-AC99-4143FE8EEAB7}.Release|x86.ActiveCfg = Release|Win32
		{F922895B-50DE-4C0B-AC99-4143FE8EEAB7}.Release|x86.Build.0 = Release|Win32
		{63EA4B28-53A3-4A2C-8D58-A5CEB23A05AE}.Debug|x64.ActiveCfg = Debug|x64
		{63EA4B28-53A3-4A2C-8D58-A5CEB23A05AE}.Debug|x64.Build.0 = Debug|x64
		{63EA4B28-53A3-4A2C-8D58-A5CEB23A05AE}.Debug|x86.ActiveCfg = Debug|Win32
		{63EA4B28-53A3-4A2C-8D58-A5CEB23A05AE}.Debug|x86.Build.0 = Debug|Win32
		{63EA4B28-53A3-4A2C-8D58-A5CEB23A05AE}.Release|x64.ActiveCfg = Release|x64
		{63EA4B28-53A3-4A2C-8D58-A5CEB23A05AE}.Release|x64.Build.0 = Release|x64
		{63EA4B28-53A3-4A2C-8D58-A5CEB23A05AE}.Release|x86.ActiveCfg = Release|Win32
		{63EA4B28-53A3-4A2C-8D58-A5CEB23A05AE}.Release|x86.Build.0 = Release|Win32
		{3E1D69C8-EBFC-4D45-8AB0-FDE02BE69439}.Debug|x64.ActiveCfg = Debug|x64
		{3E1D69C8-EBFC-4D45-8AB0-FDE02BE69439}.Debug|x64.Build.0 = Debug|x64
		{3E1D69C8-EBFC-4D45-8AB0-FDE02BE69439}.Debug|x86.ActiveCfg = Debug|Win32
		{3E1D69C8-EBFC-4D45-8AB0-FDE02BE69439}.Debug|x86.Build.0 = Debug|Win32
		{3E1D69C8-EBFC-4D45-8AB0-FDE02BE69439}.Release|x64.ActiveCfg = Release|x64
		{3E1D69C8-EBFC-4D45-8AB0-FDE02BE69439}.Release|x64.Build.0 = Release|x64
		{3E1D69C8-EBFC-4D45-8AB0-FDE02BE69439}.Release|x86.ActiveCfg = Release|Win32
		{3E1D69C8-EBFC-4D45-8AB0-FDE02BE69439}.Release|x86.Build.0 = Release|Win32
		{743BAEBF-743E-4975-A080-190D4F70BCB5}.Debug|x64.ActiveCfg = Debug|x64
		{743BAEBF-743E-4975-A080-190D4F70BCB5}.Debug|x64.Build.0 = Debug|x64
		{743BAEBF-743E-4975-A080-190D4F70BCB5}.Debug|x86.ActiveCfg = Debug|Win32
		{743BAEBF-743E-4975-A080-190D4F70BCB5}.Debug|x86.Build.0 = Debug|Win32
		{743BAEBF-743E-4975-A080-190D4F70BCB5}.Release|x64.ActiveCfg = Release|x64
		{743BAEBF-743E-4975-A080-190D4F70BCB5}.Release|x64.Build.0 = Release|x64
		{743BAEBF-743E-4975-A080-190D4F70BCB5}.Release|x86.ActiveCfg = Release|Win32
		{743BAEBF-743E-4975-A080-190D4F70BCB5}.Release|x86.Build.0 = Release|Win32
		{3F8E39B7-E398-4FC6-97DA-DE6597B8E669}.Debug|x64.ActiveCfg = Debug|x64
		{3F8E39B7-E398-4FC6-97DA-DE6597B8E669}.Debug|x64.Build.0 = Debug|x64
		{3F8E39B7-E398-4FC6-97DA-DE6597B8E669}.Debug|x86.ActiveCfg = Debug|Win32
		{3F8E39B7-E398-4FC6-97DA-DE6597B8E669}.Debug|x86.Build.0 = Debug|Win32
		{3F8E39B7-E398-4FC6-97DA-DE6597B8E669}.Release|x64.ActiveCfg = Release|x64
		{3F8E39B7-E398-4FC6-97DA-DE6597B8E669}.Release|x64.Build.0 = Release|x64
		{3F8E39B7-E398-4FC6-97DA-DE6597B8E669}.Release|x86.ActiveCfg = Release|Win32
		{3F8E39B7-E398-4FC6-97DA-DE6597B8E669}.Release|x86.Build.0 = Release|Win32
		{759C7C09-0048-4A66-A1A5-CAA6052D496F}.Debug|x64.ActiveCfg = Debug|x64
		{759C7C09-0048-4A66-A1A5-CAA6052D496F}.Debug|x64.Build.0 = Debug|x64
		{759C7C09-0048-4A66-A1A5-CAA6052D496F}.Debug|x86.ActiveCfg = Debug|Win32
		{759C7C09-0048-4A66-A1A5-CAA6052D496F}.Debug|x86.Build.0 = Debug|Win32
		{759C7C09-0048-4A66-A1A5-CAA6052D496F}.Release|x64.ActiveCfg = Release|x64
		{759C7C09-0048-4A66-A1A5-CAA6052D496F}.Release|x64.Build.0 = Release|x64
		{759C7C09-0048-4A66-A1A5-CAA6052D496F}.Release|x86.ActiveCfg = Release|Win32
		{759C7C09-0048-4A66-A1A5-CAA6052D496F}.Release|x86.Build.0 = Release|Win32
		{11DAB16A-C285-40D1-BD68-4AC019556439}.Debug|x64.ActiveCfg = Debug|x64
		{11DAB16A-C285-40D1-BD68-4AC019556439}.Debug|x64.Build.0 = Debug|x64
		{11DAB16A-C285-40D1-BD68-4AC019556439}.Debug|x86.ActiveCfg = Debug|Win32
		{11DAB16A-C285-40D1-BD68-4AC019556439}.Debug|x86.Build.0 = Debug|Win32
		{11DAB16A-C285-40D1-BD68-4AC019556439}.Release|x64.ActiveCfg = Release|x64
		{11DAB16A-C285-40D1-BD68-4AC019556439}.Release|x64.Build.0 = Release|x64
		{11DAB16A-C285-40D1-BD68-4AC019556439}.Release|x86.ActiveCfg = Release|Win32
		{11DAB16A-C285-40D1-BD68-4AC019556439}.Release|x86.Build.0 = Release|Win32
		{917DB47F-A58E-4725-9ECB-61B978008334}.Debug|x64.ActiveCfg = Debug|x64
		{917DB47F-A58E-4725-9ECB-61B978008334}.Debug|x64.Build.0 = Debug|x64
		{917DB47F-A58E-4725-9ECB-61B978008334}.Debug|x86.ActiveCfg = Debug|Win32
		{917DB47F-A58E-4725-9ECB-61B978008334}.Debug|x86.Build.0 = Debug|Win32
		{917DB47F-A58E-4725-9ECB-61B978008334}.Release|x64.ActiveCfg = Release|x64
		{917DB47F-A58E-4725-9ECB-61B978008334}.Release|x64.Build.0 = Release|x64
		{917DB47F-A58E-4725-9ECB-61B978008334}.Release|x86.ActiveCfg = Release|Win32
		{917DB47F-A58E-4725-9ECB-61B978008334}.Release|x86.Build.0 = Release|Win32
		{86F5CFB0-1885-40B3-998C-183C3D7F8EAF}.Debug|x64.ActiveCfg = Debug|x64
		{86F5CFB0-1885-40B3-998C-183C3D7F8EAF}.Debug|x64.Build.0 = Debug|x64
		{86F5CFB0-1885-40B3-998C-183C3D7F8EAF}.Debug|x86.ActiveCfg = Debug|Win32
		{86F5CFB0-1885-40B3-998C-183C3D7F8EAF}.Debug|x86.Build.0 = Debug|Win32
		{86F5CFB0-1885-40B3-998C-183C3D7F8EAF}.Release|x64.ActiveCfg = Release|x64
		{86F5CFB0-1885-40B3-998C-183C3D7F8EAF}.Release|x64.Build.0 = Release|x64
		{86F5CFB0-1885-40B3-998C-183C3D7F8EAF}.Release|x86.ActiveCfg = Release|Win32
		{86F5CFB0-1885-40B3-998C-183C3D7F8EAF}.Release|x86.Build.0 = Release|Win32
		{AC6C3FE4-E322-4AB7-8CDC-26D12F51040E}.Debug|x64.ActiveCfg = Debug|x64
		{AC6C3FE4-E322-4AB7-8CDC-26D12F51040E}.Debug|x64.Build.0 = Debug|x64
		{AC6C3FE4-E322-4AB7-8CDC-26D12F51040E}.Debug|x86.ActiveCfg = Debug|Win32
		{AC6C3FE4-E322-4AB7-8CDC-26D12F51040E}.Debug|x86.Build.0 = Debug|Win32
		{AC6C3FE4-E322-4AB7-8CDC-26D12F51040E}.Release|x64.ActiveCfg = Release|x64
		{AC6C3FE4-E322-4AB7-8CDC-26D12F51040E}.Release|x64.Build.0 = Release|x64
		{AC6C3FE4-E322-4AB7-8CDC-26D12F51040E}.Release|x86.ActiveCfg = Release|Win32
		{AC6C3FE4-E322-4AB7-8CDC-26D12F51040E}.Release|x86.Build.0 = Release|Win32
		{ABF77A2C-D8FF-470F-B48F-841ACA514015}.Debug|x64.ActiveCfg = Debug|x64
		{ABF77A2C-D8FF-470F-B48F-841ACA514015}.Debug|x64.Build.0 = Debug|x64
		{ABF77A2C-D8FF-470F-B48F-841ACA514015}.Debug|x86.ActiveCfg = Debug|Win32
		{ABF77A2C-D8FF-470F-B48F-841ACA514015}.Debug|x86.Build.0 = Debug|Win32
		{ABF77A2C-D8FF-470F-B48F-841ACA514015}.Release|x64.ActiveCfg = Release|x64
		{ABF77A2C-D8FF-470F-B48F-841ACA514015}.Release|x64.Build.0 = Release|x64
		{ABF77A2C-D8FF-470F-B48F-841ACA514015}.Release|x86.ActiveCfg = Release|Win32
		{ABF77A2C-D8FF-470F-B48F-841ACA514015}.Release|x86.Build.0 = Release|Win32
		{E9A6315D-741E-40B5-8B95-F2D1F6CFB475}.Debug|x64.ActiveCfg = Debug|x64
		{E9A6315D-741E-40B5-8B95-F2D1F6CFB475}.Debug|x64.Build.0 = Debug|x64
		{E9A6315D-741E-40B5-8B95-F2D1F6CFB475}.Debug|x86.ActiveCfg = Debug|Win32
		{E9A6315D-741E-40B5-8B95-F2D1F6CFB475}.Debug|x86.Build.0 = Debug|Win32
		{E9A6315D-741E-40B5-8B95-F2D1F6CFB475}.Release|x64.ActiveCfg = Release|x64
		{E9A6315D-741E-40B5-8B95-F2D1F6CFB475}.Release|x64.Build.0 = Release|x64
		{E9A6315D-741E-40B5-8B95-F2D1F6CFB475}.Release|x86.ActiveCfg = Release|Win32
		{E9A6315D-741E-40B5-8B95-F2D1F6CFB475}.Release|x86.Build.0 = Release|Win32
		{D30426AC-5735-419F-829B-39B374BDCC9D}.Debug|x64.ActiveCfg = Debug|x64
		{D30426AC-5735-419F-829B-39B374BDCC9D}.Debug|x64.Build.0 = Debug|x64
		{D30426AC-5735-419F-829B-39B374BDCC9D}.Debug|x86.ActiveCfg = Debug|Win32
		{D30426AC-5735-419F-829B-39B374BDCC9D}.Debug|x86.Build.0 = Debug|Win32
		{D30426AC-5735-419F-829B-39B374BDCC9D}.Release|x64.ActiveCfg = Release|x64
		{D30426AC-5735-419F-829B-39B374BDCC9D}.Release|x64.Build.0 = Release|x64
		{D30426AC-5735-419F-829B-39B374BDCC9D}.Release|x86.ActiveCfg = Release|Win32
		{D30426AC-5735-419F-829B-39B374BDCC9D}.Release|x86.Build.0 = Release|Win32
		{268A9513-4A03-490F-9E66-F6F9274C2F4C}.Debug|x64.ActiveCfg = Debug|x64
		{268A9513-4A03-490F-9E66-F6F9274C2F4C}.Debug|x64.Build.0 = Debug|x64
		{268A9513-4A03-490F-9E66-F6F9274C2F4C}.Debug|x86.ActiveCfg = Debug|Win32
		{268A9513-4A03-490F-9E66-F6F9274C2F4C}.Debug|x86.Build.0 = Debug|Win32
		{268A9513-4A03-490F-9E66-F6F9274C2F4C}.Release|x64.ActiveCfg = Release|x64
		{268A9513-4A03-490F-9E66-F6F9274C2F4C}.Release|x64.Build.0 = Release|x64
		{268A9513-4A03-490F-9E66-F6F9274C2F4C}.Release|x86.ActiveCfg = Release|Win32
		{268A9513-4A03-490F-9E66-F6F9274C2F4C}.Release|x86.Build.0 = Release|Win32
	EndGlobalSection
	GlobalSection(SolutionProperties) = preSolution
		HideSolutionNode = FALSE
	EndGlobalSection
	GlobalSection(ExtensibilityGlobals) = postSolution
		SolutionGuid = {7A3389B6-501C-4B58-A5FD-8312569EA783}
	EndGlobalSection
EndGlobal
