
Microsoft Visual Studio Solution File, Format Version 12.00
# Visual Studio Version 16
VisualStudioVersion = 16.0.29728.190
MinimumVisualStudioVersion = 10.0.40219.1
Project("{8BC9CEB8-8B4A-11D0-8D11-00A0C91BC942}") = "2309_일곱 난쟁이", "2309_일곱 난쟁이\2309_일곱 난쟁이.vcxproj", "{5708148A-A374-4EE0-8C43-6B959B4633FF}"
EndProject
Project("{8BC9CEB8-8B4A-11D0-8D11-00A0C91BC942}") = "3085_사탕 게임", "3085_사탕 게임\3085_사탕 게임.vcxproj", "{8B0DFD27-F243-4D30-A938-A283C7B580F2}"
EndProject
Project("{8BC9CEB8-8B4A-11D0-8D11-00A0C91BC942}") = "1476_날짜 계산", "1476_날짜 계산\1476_날짜 계산.vcxproj", "{9B106A14-938D-467D-87A4-886F79F4F432}"
EndProject
Project("{8BC9CEB8-8B4A-11D0-8D11-00A0C91BC942}") = "1107_리모컨", "1107_리모컨\1107_리모컨.vcxproj", "{6384F7BA-B681-4DB1-B999-B8C99E595C4F}"
EndProject
Project("{8BC9CEB8-8B4A-11D0-8D11-00A0C91BC942}") = "14500_테트로미노", "14500_테트로미노\14500_테트로미노.vcxproj", "{4E287E10-487E-4D7C-83AB-D270A7399150}"
EndProject
Project("{8BC9CEB8-8B4A-11D0-8D11-00A0C91BC942}") = "1748_수 이어 쓰기1", "1748_수 이어 쓰기1\1748_수 이어 쓰기1.vcxproj", "{F922895B-50DE-4C0B-AC99-4143FE8EEAB7}"
EndProject
Project("{8BC9CEB8-8B4A-11D0-8D11-00A0C91BC942}") = "6064_카잉 달력", "6064_카잉 달력\6064_카잉 달력.vcxproj", "{63EA4B28-53A3-4A2C-8D58-A5CEB23A05AE}"
EndProject
Global
	GlobalSection(SolutionConfigurationPlatforms) = preSolution
		Debug|x64 = Debug|x64
		Debug|x86 = Debug|x86
		Release|x64 = Release|x64
		Release|x86 = Release|x86
	EndGlobalSection
	GlobalSection(ProjectConfigurationPlatforms) = postSolution
		{5708148A-A374-4EE0-8C43-6B959B4633FF}.Debug|x64.ActiveCfg = Debug|x64
		{5708148A-A374-4EE0-8C43-6B959B4633FF}.Debug|x64.Build.0 = Debug|x64
		{5708148A-A374-4EE0-8C43-6B959B4633FF}.Debug|x86.ActiveCfg = Debug|Win32
		{5708148A-A374-4EE0-8C43-6B959B4633FF}.Debug|x86.Build.0 = Debug|Win32
		{5708148A-A374-4EE0-8C43-6B959B4633FF}.Release|x64.ActiveCfg = Release|x64
		{5708148A-A374-4EE0-8C43-6B959B4633FF}.Release|x64.Build.0 = Release|x64
		{5708148A-A374-4EE0-8C43-6B959B4633FF}.Release|x86.ActiveCfg = Release|Win32
		{5708148A-A374-4EE0-8C43-6B959B4633FF}.Release|x86.Build.0 = Release|Win32
		{8B0DFD27-F243-4D30-A938-A283C7B580F2}.Debug|x64.ActiveCfg = Debug|x64
		{8B0DFD27-F243-4D30-A938-A283C7B580F2}.Debug|x64.Build.0 = Debug|x64
		{8B0DFD27-F243-4D30-A938-A283C7B580F2}.Debug|x86.ActiveCfg = Debug|Win32
		{8B0DFD27-F243-4D30-A938-A283C7B580F2}.Debug|x86.Build.0 = Debug|Win32
		{8B0DFD27-F243-4D30-A938-A283C7B580F2}.Release|x64.ActiveCfg = Release|x64
		{8B0DFD27-F243-4D30-A938-A283C7B580F2}.Release|x64.Build.0 = Release|x64
		{8B0DFD27-F243-4D30-A938-A283C7B580F2}.Release|x86.ActiveCfg = Release|Win32
		{8B0DFD27-F243-4D30-A938-A283C7B580F2}.Release|x86.Build.0 = Release|Win32
		{9B106A14-938D-467D-87A4-886F79F4F432}.Debug|x64.ActiveCfg = Debug|x64
		{9B106A14-938D-467D-87A4-886F79F4F432}.Debug|x64.Build.0 = Debug|x64
		{9B106A14-938D-467D-87A4-886F79F4F432}.Debug|x86.ActiveCfg = Debug|Win32
		{9B106A14-938D-467D-87A4-886F79F4F432}.Debug|x86.Build.0 = Debug|Win32
		{9B106A14-938D-467D-87A4-886F79F4F432}.Release|x64.ActiveCfg = Release|x64
		{9B106A14-938D-467D-87A4-886F79F4F432}.Release|x64.Build.0 = Release|x64
		{9B106A14-938D-467D-87A4-886F79F4F432}.Release|x86.ActiveCfg = Release|Win32
		{9B106A14-938D-467D-87A4-886F79F4F432}.Release|x86.Build.0 = Release|Win32
		{6384F7BA-B681-4DB1-B999-B8C99E595C4F}.Debug|x64.ActiveCfg = Debug|x64
		{6384F7BA-B681-4DB1-B999-B8C99E595C4F}.Debug|x64.Build.0 = Debug|x64
		{6384F7BA-B681-4DB1-B999-B8C99E595C4F}.Debug|x86.ActiveCfg = Debug|Win32
		{6384F7BA-B681-4DB1-B999-B8C99E595C4F}.Debug|x86.Build.0 = Debug|Win32
		{6384F7BA-B681-4DB1-B999-B8C99E595C4F}.Release|x64.ActiveCfg = Release|x64
		{6384F7BA-B681-4DB1-B999-B8C99E595C4F}.Release|x64.Build.0 = Release|x64
		{6384F7BA-B681-4DB1-B999-B8C99E595C4F}.Release|x86.ActiveCfg = Release|Win32
		{6384F7BA-B681-4DB1-B999-B8C99E595C4F}.Release|x86.Build.0 = Release|Win32
		{4E287E10-487E-4D7C-83AB-D270A7399150}.Debug|x64.ActiveCfg = Debug|x64
		{4E287E10-487E-4D7C-83AB-D270A7399150}.Debug|x64.Build.0 = Debug|x64
		{4E287E10-487E-4D7C-83AB-D270A7399150}.Debug|x86.ActiveCfg = Debug|Win32
		{4E287E10-487E-4D7C-83AB-D270A7399150}.Debug|x86.Build.0 = Debug|Win32
		{4E287E10-487E-4D7C-83AB-D270A7399150}.Release|x64.ActiveCfg = Release|x64
		{4E287E10-487E-4D7C-83AB-D270A7399150}.Release|x64.Build.0 = Release|x64
		{4E287E10-487E-4D7C-83AB-D270A7399150}.Release|x86.ActiveCfg = Release|Win32
		{4E287E10-487E-4D7C-83AB-D270A7399150}.Release|x86.Build.0 = Release|Win32
		{F922895B-50DE-4C0B-AC99-4143FE8EEAB7}.Debug|x64.ActiveCfg = Debug|x64
		{F922895B-50DE-4C0B-AC99-4143FE8EEAB7}.Debug|x64.Build.0 = Debug|x64
		{F922895B-50DE-4C0B-AC99-4143FE8EEAB7}.Debug|x86.ActiveCfg = Debug|Win32
		{F922895B-50DE-4C0B-AC99-4143FE8EEAB7}.Debug|x86.Build.0 = Debug|Win32
		{F922895B-50DE-4C0B-AC99-4143FE8EEAB7}.Release|x64.ActiveCfg = Release|x64
		{F922895B-50DE-4C0B-AC99-4143FE8EEAB7}.Release|x64.Build.0 = Release|x64
		{F922895B-50DE-4C0B-AC99-4143FE8EEAB7}.Release|x86.ActiveCfg = Release|Win32
		{F922895B-50DE-4C0B-AC99-4143FE8EEAB7}.Release|x86.Build.0 = Release|Win32
		{63EA4B28-53A3-4A2C-8D58-A5CEB23A05AE}.Debug|x64.ActiveCfg = Debug|x64
		{63EA4B28-53A3-4A2C-8D58-A5CEB23A05AE}.Debug|x64.Build.0 = Debug|x64
		{63EA4B28-53A3-4A2C-8D58-A5CEB23A05AE}.Debug|x86.ActiveCfg = Debug|Win32
		{63EA4B28-53A3-4A2C-8D58-A5CEB23A05AE}.Debug|x86.Build.0 = Debug|Win32
		{63EA4B28-53A3-4A2C-8D58-A5CEB23A05AE}.Release|x64.ActiveCfg = Release|x64
		{63EA4B28-53A3-4A2C-8D58-A5CEB23A05AE}.Release|x64.Build.0 = Release|x64
		{63EA4B28-53A3-4A2C-8D58-A5CEB23A05AE}.Release|x86.ActiveCfg = Release|Win32
		{63EA4B28-53A3-4A2C-8D58-A5CEB23A05AE}.Release|x86.Build.0 = Release|Win32
	EndGlobalSection
	GlobalSection(SolutionProperties) = preSolution
		HideSolutionNode = FALSE
	EndGlobalSection
	GlobalSection(ExtensibilityGlobals) = postSolution
		SolutionGuid = {7A3389B6-501C-4B58-A5FD-8312569EA783}
	EndGlobalSection
EndGlobal
